{
  "requires": true,
  "lockfileVersion": 1,
  "dependencies": {
    "@cspotcode/source-map-consumer": {
      "version": "0.8.0",
      "resolved": "https://artifactory.bettermg.com/artifactory/api/npm/npm/@cspotcode/source-map-consumer/-/source-map-consumer-0.8.0.tgz",
      "integrity": "sha1-M79LeznBeIIWBvZpu8RHpqYpeGs=",
      "dev": true
    },
    "@cspotcode/source-map-support": {
      "version": "0.7.0",
      "resolved": "https://artifactory.bettermg.com/artifactory/api/npm/npm/@cspotcode/source-map-support/-/source-map-support-0.7.0.tgz",
      "integrity": "sha1-R4mECqhZ5G0vMXNyercHxmvzRPU=",
      "dev": true,
      "requires": {
        "@cspotcode/source-map-consumer": "0.8.0"
      }
    },
    "@tsconfig/node10": {
      "version": "1.0.8",
      "resolved": "https://artifactory.bettermg.com/artifactory/api/npm/npm/@tsconfig/node10/-/node10-1.0.8.tgz",
      "integrity": "sha1-weToDW+WT77LM1nEO9SLQPfK2tk=",
      "dev": true
    },
    "@tsconfig/node12": {
      "version": "1.0.9",
      "resolved": "https://artifactory.bettermg.com/artifactory/api/npm/npm/@tsconfig/node12/-/node12-1.0.9.tgz",
      "integrity": "sha1-YsH23uLr2a6tgNw6+laBDljhoEw=",
      "dev": true
    },
    "@tsconfig/node14": {
      "version": "1.0.1",
      "resolved": "https://artifactory.bettermg.com/artifactory/api/npm/npm/@tsconfig/node14/-/node14-1.0.1.tgz",
      "integrity": "sha1-lfLRZ/+5uNIGiwsjUwL6/U33EfI=",
      "dev": true
    },
    "@tsconfig/node16": {
      "version": "1.0.2",
      "resolved": "https://artifactory.bettermg.com/artifactory/api/npm/npm/@tsconfig/node16/-/node16-1.0.2.tgz",
      "integrity": "sha1-Qjx3h30Fadsg4fyAiFrEEYMUAQ4=",
      "dev": true
    },
    "@types/node": {
      "version": "17.0.34",
      "resolved": "https://artifactory.bettermg.com/artifactory/api/npm/npm/@types/node/-/node-17.0.34.tgz",
      "integrity": "sha1-OwtqUP95coC40ADGKB0in5xTjO8=",
      "dev": true
    },
    "acorn": {
      "version": "8.7.1",
      "resolved": "https://artifactory.bettermg.com/artifactory/api/npm/npm/acorn/-/acorn-8.7.1.tgz",
      "integrity": "sha1-AZcSLIQ9G/bQpegyIKeI8nj2PDA=",
      "dev": true
    },
    "acorn-walk": {
      "version": "8.2.0",
      "resolved": "https://artifactory.bettermg.com/artifactory/api/npm/npm/acorn-walk/-/acorn-walk-8.2.0.tgz",
      "integrity": "sha1-dBIQ8uJCZFRQiFOi9E0KuDt/acE=",
      "dev": true
    },
    "arg": {
      "version": "4.1.3",
      "resolved": "https://artifactory.bettermg.com/artifactory/api/npm/npm/arg/-/arg-4.1.3.tgz",
      "integrity": "sha1-Jp/HrVuOQstjyJbVZmAXJhwUQIk=",
      "dev": true
    },
    "asynckit": {
      "version": "0.4.0",
      "resolved": "https://artifactory.bettermg.com/artifactory/api/npm/npm/asynckit/-/asynckit-0.4.0.tgz",
      "integrity": "sha1-x57Zf380y48robyXkLzDZkdLS3k="
    },
    "axios": {
      "version": "0.27.2",
      "resolved": "https://artifactory.bettermg.com/artifactory/api/npm/npm/axios/-/axios-0.27.2.tgz",
      "integrity": "sha1-IHZYzIYhYG5YbIXbS0GnUOdW2XI=",
      "requires": {
        "follow-redirects": "^1.14.9",
        "form-data": "^4.0.0"
      }
    },
    "boolbase": {
      "version": "1.0.0",
      "resolved": "https://artifactory.bettermg.com/artifactory/api/npm/npm/boolbase/-/boolbase-1.0.0.tgz",
      "integrity": "sha1-aN/1++YMUes3cl6p4+0xDcwed24="
    },
    "cheerio": {
      "version": "1.0.0-rc.10",
      "resolved": "https://artifactory.bettermg.com/artifactory/api/npm/npm/cheerio/-/cheerio-1.0.0-rc.10.tgz",
      "integrity": "sha1-K6Pc38wm55VvwfRA5h1RxkM3nz4=",
      "requires": {
        "cheerio-select": "^1.5.0",
        "dom-serializer": "^1.3.2",
        "domhandler": "^4.2.0",
        "htmlparser2": "^6.1.0",
        "parse5": "^6.0.1",
        "parse5-htmlparser2-tree-adapter": "^6.0.1",
        "tslib": "^2.2.0"
      }
    },
    "cheerio-select": {
      "version": "1.6.0",
      "resolved": "https://artifactory.bettermg.com/artifactory/api/npm/npm/cheerio-select/-/cheerio-select-1.6.0.tgz",
      "integrity": "sha1-SJ82YEESxyKvoUfe3Q1GCcCeFpY=",
      "requires": {
        "css-select": "^4.3.0",
        "css-what": "^6.0.1",
        "domelementtype": "^2.2.0",
        "domhandler": "^4.3.1",
        "domutils": "^2.8.0"
      }
    },
    "collections": {
      "version": "5.1.13",
      "resolved": "https://registry.npmjs.org/collections/-/collections-5.1.13.tgz",
      "integrity": "sha512-SCb6Qd+d3Z02corWQ7/mqXiXeeTdHvkP6TeFSYfGYdCFp1WrjSNZ3j6y8Y3T/7osGEe0iOcU2g1d346l99m4Lg==",
      "requires": {
        "weak-map": "~1.0.x"
      }
    },
    "combined-stream": {
      "version": "1.0.8",
      "resolved": "https://artifactory.bettermg.com/artifactory/api/npm/npm/combined-stream/-/combined-stream-1.0.8.tgz",
      "integrity": "sha1-w9RaizT9cwYxoRCoolIGgrMdWn8=",
      "requires": {
        "delayed-stream": "~1.0.0"
      }
    },
    "create-require": {
      "version": "1.1.1",
      "resolved": "https://artifactory.bettermg.com/artifactory/api/npm/npm/create-require/-/create-require-1.1.1.tgz",
      "integrity": "sha1-wdfo8eX2z8n/ZfnNNS03NIdWwzM=",
      "dev": true
    },
    "css-select": {
      "version": "4.3.0",
      "resolved": "https://artifactory.bettermg.com/artifactory/api/npm/npm/css-select/-/css-select-4.3.0.tgz",
      "integrity": "sha1-23EpsoRmYv2GKM/ElquytZ5BUps=",
      "requires": {
        "boolbase": "^1.0.0",
        "css-what": "^6.0.1",
        "domhandler": "^4.3.1",
        "domutils": "^2.8.0",
        "nth-check": "^2.0.1"
      }
    },
    "css-what": {
      "version": "6.1.0",
      "resolved": "https://artifactory.bettermg.com/artifactory/api/npm/npm/css-what/-/css-what-6.1.0.tgz",
      "integrity": "sha1-+17/z3bx3eosgb36pN5E55uscPQ="
    },
    "delayed-stream": {
      "version": "1.0.0",
      "resolved": "https://artifactory.bettermg.com/artifactory/api/npm/npm/delayed-stream/-/delayed-stream-1.0.0.tgz",
      "integrity": "sha1-3zrhmayt+31ECqrgsp4icrJOxhk="
    },
    "diff": {
      "version": "4.0.2",
      "resolved": "https://artifactory.bettermg.com/artifactory/api/npm/npm/diff/-/diff-4.0.2.tgz",
      "integrity": "sha1-YPOuy4nV+uUgwRqhnvwruYKq3n0=",
      "dev": true
    },
    "dom-serializer": {
      "version": "1.4.1",
      "resolved": "https://artifactory.bettermg.com/artifactory/api/npm/npm/dom-serializer/-/dom-serializer-1.4.1.tgz",
      "integrity": "sha1-3l1Bsa6ikCFdxFptrorc8dMuLTA=",
      "requires": {
        "domelementtype": "^2.0.1",
        "domhandler": "^4.2.0",
        "entities": "^2.0.0"
      }
    },
    "domelementtype": {
      "version": "2.3.0",
      "resolved": "https://artifactory.bettermg.com/artifactory/api/npm/npm/domelementtype/-/domelementtype-2.3.0.tgz",
      "integrity": "sha1-XEXo6GmVJiYzHXqrMm0B2vZdWJ0="
    },
    "domhandler": {
      "version": "4.3.1",
      "resolved": "https://artifactory.bettermg.com/artifactory/api/npm/npm/domhandler/-/domhandler-4.3.1.tgz",
      "integrity": "sha1-jXkgM0FvWdaLwDpap7AYwcqJJ5w=",
      "requires": {
        "domelementtype": "^2.2.0"
      }
    },
    "domutils": {
      "version": "2.8.0",
      "resolved": "https://artifactory.bettermg.com/artifactory/api/npm/npm/domutils/-/domutils-2.8.0.tgz",
      "integrity": "sha1-RDfe9dtuLR9dbuhZvZXKfQIEgTU=",
      "requires": {
        "dom-serializer": "^1.0.1",
        "domelementtype": "^2.2.0",
        "domhandler": "^4.2.0"
      }
    },
    "entities": {
      "version": "2.2.0",
      "resolved": "https://artifactory.bettermg.com/artifactory/api/npm/npm/entities/-/entities-2.2.0.tgz",
      "integrity": "sha1-CY3JDruD2N/6CJ1VJWs1HTTE2lU="
    },
    "fake-useragent": {
      "version": "1.0.1",
      "resolved": "https://artifactory.bettermg.com/artifactory/api/npm/npm/fake-useragent/-/fake-useragent-1.0.1.tgz",
      "integrity": "sha1-7Hpdk7SmURj6b4XGjp3e9TEsOBo="
    },
    "follow-redirects": {
      "version": "1.15.0",
      "resolved": "https://artifactory.bettermg.com/artifactory/api/npm/npm/follow-redirects/-/follow-redirects-1.15.0.tgz",
      "integrity": "sha1-BkQYaCgchtDdpK2L2urS0C3KidQ="
    },
    "form-data": {
      "version": "4.0.0",
      "resolved": "https://artifactory.bettermg.com/artifactory/api/npm/npm/form-data/-/form-data-4.0.0.tgz",
      "integrity": "sha1-k5Gdrq82HuUpWEubMWZNwSyfpFI=",
      "requires": {
        "asynckit": "^0.4.0",
        "combined-stream": "^1.0.8",
        "mime-types": "^2.1.12"
      }
    },
    "fs": {
      "version": "0.0.1-security",
      "resolved": "https://artifactory.bettermg.com/artifactory/api/npm/npm/fs/-/fs-0.0.1-security.tgz",
      "integrity": "sha1-invTcYa23d84E/I4WLV+yq9eQdQ="
    },
    "htmlparser2": {
      "version": "6.1.0",
      "resolved": "https://artifactory.bettermg.com/artifactory/api/npm/npm/htmlparser2/-/htmlparser2-6.1.0.tgz",
      "integrity": "sha1-xNditsM3GgXb5l6UrkOp+EX7j7c=",
      "requires": {
        "domelementtype": "^2.0.1",
        "domhandler": "^4.0.0",
        "domutils": "^2.5.2",
        "entities": "^2.0.0"
      }
    },
    "make-error": {
      "version": "1.3.6",
      "resolved": "https://artifactory.bettermg.com/artifactory/api/npm/npm/make-error/-/make-error-1.3.6.tgz",
      "integrity": "sha1-LrLjfqm2fEiR9oShOUeZr0hM96I=",
      "dev": true
    },
    "mime-db": {
      "version": "1.52.0",
      "resolved": "https://artifactory.bettermg.com/artifactory/api/npm/npm/mime-db/-/mime-db-1.52.0.tgz",
      "integrity": "sha1-u6vNwChZ9JhzAchW4zh85exDv3A="
    },
    "mime-types": {
      "version": "2.1.35",
      "resolved": "https://artifactory.bettermg.com/artifactory/api/npm/npm/mime-types/-/mime-types-2.1.35.tgz",
      "integrity": "sha1-OBqHG2KnNEUGYK497uRIE/cNlZo=",
      "requires": {
        "mime-db": "1.52.0"
      }
    },
    "nth-check": {
      "version": "2.0.1",
      "resolved": "https://artifactory.bettermg.com/artifactory/api/npm/npm/nth-check/-/nth-check-2.0.1.tgz",
      "integrity": "sha1-Lv4WL1w9oGoolZ+9PbddvuqfD8I=",
      "requires": {
        "boolbase": "^1.0.0"
      }
    },
    "parse5": {
      "version": "6.0.1",
      "resolved": "https://artifactory.bettermg.com/artifactory/api/npm/npm/parse5/-/parse5-6.0.1.tgz",
      "integrity": "sha1-4aHAhcVps9wIMhGE8Zo5zCf3wws="
    },
    "parse5-htmlparser2-tree-adapter": {
      "version": "6.0.1",
      "resolved": "https://artifactory.bettermg.com/artifactory/api/npm/npm/parse5-htmlparser2-tree-adapter/-/parse5-htmlparser2-tree-adapter-6.0.1.tgz",
      "integrity": "sha1-LN+a2CMyEUA3DU2/XT6Sx8jdxuY=",
      "requires": {
        "parse5": "^6.0.1"
      }
    },
    "ts-node": {
      "version": "10.7.0",
      "resolved": "https://artifactory.bettermg.com/artifactory/api/npm/npm/ts-node/-/ts-node-10.7.0.tgz",
      "integrity": "sha1-NdUD0Pqz4rqmcqDpT0tAZTwkY/U=",
      "dev": true,
      "requires": {
        "@cspotcode/source-map-support": "0.7.0",
        "@tsconfig/node10": "^1.0.7",
        "@tsconfig/node12": "^1.0.7",
        "@tsconfig/node14": "^1.0.0",
        "@tsconfig/node16": "^1.0.2",
        "acorn": "^8.4.1",
        "acorn-walk": "^8.1.1",
        "arg": "^4.1.0",
        "create-require": "^1.1.0",
        "diff": "^4.0.1",
        "make-error": "^1.1.1",
        "v8-compile-cache-lib": "^3.0.0",
        "yn": "3.1.1"
      }
    },
    "tslib": {
      "version": "2.4.0",
      "resolved": "https://artifactory.bettermg.com/artifactory/api/npm/npm/tslib/-/tslib-2.4.0.tgz",
      "integrity": "sha1-fOyqfwc85oCgWEeqd76UEJjzbcM="
    },
    "typescript": {
      "version": "4.6.4",
      "resolved": "https://artifactory.bettermg.com/artifactory/api/npm/npm/typescript/-/typescript-4.6.4.tgz",
      "integrity": "sha1-yqeLvDpZ5qXFENNXA/agmHfORek="
    },
    "v8-compile-cache-lib": {
      "version": "3.0.1",
      "resolved": "https://artifactory.bettermg.com/artifactory/api/npm/npm/v8-compile-cache-lib/-/v8-compile-cache-lib-3.0.1.tgz",
      "integrity": "sha1-Yzbo1xllyz01obu3hoRFp8BSZL8=",
      "dev": true
    },
    "weak-map": {
      "version": "1.0.8",
      "resolved": "https://registry.npmjs.org/weak-map/-/weak-map-1.0.8.tgz",
      "integrity": "sha512-lNR9aAefbGPpHO7AEnY0hCFjz1eTkWCXYvkTRrTHs9qv8zJp+SkVYpzfLIFXQQiG3tVvbNFQgVg2bQS8YGgxyw=="
    },
    "yn": {
      "version": "3.1.1",
      "resolved": "https://artifactory.bettermg.com/artifactory/api/npm/npm/yn/-/yn-3.1.1.tgz",
      "integrity": "sha1-HodAGgnXZ8HV6rJqbkwYUYLS61A=",
      "dev": true
    }
  }
}
